
Microsoft Visual Studio Solution File, Format Version 12.00
# Visual Studio Version 16
VisualStudioVersion = 16.0.30907.101
MinimumVisualStudioVersion = 10.0.40219.1
Project("{2150E333-8FDC-42A3-9474-1A3956D46DE8}") = "01.common", "01.common", "{2FD99967-7722-42E5-A2AE-CCAD545CE0F0}"
	ProjectSection(SolutionItems) = preProject
		.gitignore = .gitignore
	EndProjectSection
EndProject
Project("{2150E333-8FDC-42A3-9474-1A3956D46DE8}") = "NewFolder2", "NewFolder2", "{64EAB312-AD9D-4306-AC9C-0C57892EF0FD}"
EndProject
Project("{2150E333-8FDC-42A3-9474-1A3956D46DE8}") = "NewFolder3", "NewFolder3", "{5C119D0F-B5A1-4D2E-A765-A316B845400D}"
EndProject
Project("{8BC9CEB8-8B4A-11D0-8D11-00A0C91BC942}") = "git-ex01", "git-ex01\git-ex01.vcxproj", "{0EC9D982-FA22-437A-A65D-ACE5CFA5DEEA}"
EndProject
Project("{8BC9CEB8-8B4A-11D0-8D11-00A0C91BC942}") = "git-ex02", "git-ex02\git-ex02.vcxproj", "{DF151588-4955-4F21-ABFD-EF75260F2B40}"
EndProject
Global
	GlobalSection(SolutionConfigurationPlatforms) = preSolution
		Debug|x64 = Debug|x64
		Debug|x86 = Debug|x86
		Release|x64 = Release|x64
		Release|x86 = Release|x86
	EndGlobalSection
	GlobalSection(ProjectConfigurationPlatforms) = postSolution
		{0EC9D982-FA22-437A-A65D-ACE5CFA5DEEA}.Debug|x64.ActiveCfg = Debug|x64
		{0EC9D982-FA22-437A-A65D-ACE5CFA5DEEA}.Debug|x64.Build.0 = Debug|x64
		{0EC9D982-FA22-437A-A65D-ACE5CFA5DEEA}.Debug|x86.ActiveCfg = Debug|Win32
		{0EC9D982-FA22-437A-A65D-ACE5CFA5DEEA}.Debug|x86.Build.0 = Debug|Win32
		{0EC9D982-FA22-437A-A65D-ACE5CFA5DEEA}.Release|x64.ActiveCfg = Release|x64
		{0EC9D982-FA22-437A-A65D-ACE5CFA5DEEA}.Release|x64.Build.0 = Release|x64
		{0EC9D982-FA22-437A-A65D-ACE5CFA5DEEA}.Release|x86.ActiveCfg = Release|Win32
		{0EC9D982-FA22-437A-A65D-ACE5CFA5DEEA}.Release|x86.Build.0 = Release|Win32
		{DF151588-4955-4F21-ABFD-EF75260F2B40}.Debug|x64.ActiveCfg = Debug|x64
		{DF151588-4955-4F21-ABFD-EF75260F2B40}.Debug|x64.Build.0 = Debug|x64
		{DF151588-4955-4F21-ABFD-EF75260F2B40}.Debug|x86.ActiveCfg = Debug|Win32
		{DF151588-4955-4F21-ABFD-EF75260F2B40}.Debug|x86.Build.0 = Debug|Win32
		{DF151588-4955-4F21-ABFD-EF75260F2B40}.Release|x64.ActiveCfg = Release|x64
		{DF151588-4955-4F21-ABFD-EF75260F2B40}.Release|x64.Build.0 = Release|x64
		{DF151588-4955-4F21-ABFD-EF75260F2B40}.Release|x86.ActiveCfg = Release|Win32
		{DF151588-4955-4F21-ABFD-EF75260F2B40}.Release|x86.Build.0 = Release|Win32
	EndGlobalSection
	GlobalSection(SolutionProperties) = preSolution
		HideSolutionNode = FALSE
	EndGlobalSection
	GlobalSection(NestedProjects) = preSolution
		{0EC9D982-FA22-437A-A65D-ACE5CFA5DEEA} = {5C119D0F-B5A1-4D2E-A765-A316B845400D}
		{DF151588-4955-4F21-ABFD-EF75260F2B40} = {5C119D0F-B5A1-4D2E-A765-A316B845400D}
	EndGlobalSection
	GlobalSection(ExtensibilityGlobals) = postSolution
		SolutionGuid = {DA1C6E51-4DB0-4B27-8B8A-FBDAEE0EAF65}
	EndGlobalSection
EndGlobal
