
Microsoft Visual Studio Solution File, Format Version 12.00
# Visual Studio Version 16
VisualStudioVersion = 16.0.30907.101
MinimumVisualStudioVersion = 10.0.40219.1
Project("{2150E333-8FDC-42A3-9474-1A3956D46DE8}") = "01.common", "01.common", "{2FD99967-7722-42E5-A2AE-CCAD545CE0F0}"
	ProjectSection(SolutionItems) = preProject
		.gitignore = .gitignore
	EndProjectSection
EndProject
Project("{2150E333-8FDC-42A3-9474-1A3956D46DE8}") = "NewFolder2", "NewFolder2", "{64EAB312-AD9D-4306-AC9C-0C57892EF0FD}"
EndProject
Project("{2150E333-8FDC-42A3-9474-1A3956D46DE8}") = "NewFolder3", "NewFolder3", "{5C119D0F-B5A1-4D2E-A765-A316B845400D}"
EndProject
Project("{8BC9CEB8-8B4A-11D0-8D11-00A0C91BC942}") = "git-ex01", "git-ex01\git-ex01.vcxproj", "{0EC9D982-FA22-437A-A65D-ACE5CFA5DEEA}"
EndProject
Project("{8BC9CEB8-8B4A-11D0-8D11-00A0C91BC942}") = "git-ex02", "git-ex02\git-ex02.vcxproj", "{DF151588-4955-4F21-ABFD-EF75260F2B40}"
EndProject
Project("{2150E333-8FDC-42A3-9474-1A3956D46DE8}") = "01멀티프로젝트 예제", "01멀티프로젝트 예제", "{8A564B80-9AFE-49BB-BF24-F345033538C1}"
EndProject
Project("{2150E333-8FDC-42A3-9474-1A3956D46DE8}") = "02열거형", "02열거형", "{5C9DC80D-50F7-4129-ABDE-84466467BEB7}"
EndProject
Project("{8BC9CEB8-8B4A-11D0-8D11-00A0C91BC942}") = "A01", "메인01\메인01.vcxproj", "{893FF872-003C-469C-91E3-29C5F64A0326}"
EndProject
Project("{2150E333-8FDC-42A3-9474-1A3956D46DE8}") = "03전처리기", "03전처리기", "{4C118438-80D8-4DFA-A6C6-3D3D218835B6}"
EndProject
Project("{8BC9CEB8-8B4A-11D0-8D11-00A0C91BC942}") = "B01", "압둘알리\압둘알리.vcxproj", "{2D82DE21-9C51-427E-B650-AC0C6F5FDFEF}"
EndProject
Project("{2150E333-8FDC-42A3-9474-1A3956D46DE8}") = "북카페", "북카페", "{C86F120F-751E-4B96-A6C9-D6B68D333E49}"
EndProject
Project("{8BC9CEB8-8B4A-11D0-8D11-00A0C91BC942}") = "북카페프로젝트", "북카페프로젝트\북카페프로젝트.vcxproj", "{9F249743-C366-4E9D-9018-C3457C1ABB87}"
EndProject
Project("{8BC9CEB8-8B4A-11D0-8D11-00A0C91BC942}") = "bookcafe-project-v1.0", "\\bclassmain\공유폴더\저녁 C언어 기초반\학생폴더\방준석\C-project\bookcafe-project-v1.0\bookcafe-project-v1.0.vcxproj", "{9F75580E-158B-405A-AC91-191B84984247}"
EndProject
Global
	GlobalSection(SolutionConfigurationPlatforms) = preSolution
		Debug|x64 = Debug|x64
		Debug|x86 = Debug|x86
		Release|x64 = Release|x64
		Release|x86 = Release|x86
	EndGlobalSection
	GlobalSection(ProjectConfigurationPlatforms) = postSolution
		{0EC9D982-FA22-437A-A65D-ACE5CFA5DEEA}.Debug|x64.ActiveCfg = Debug|x64
		{0EC9D982-FA22-437A-A65D-ACE5CFA5DEEA}.Debug|x64.Build.0 = Debug|x64
		{0EC9D982-FA22-437A-A65D-ACE5CFA5DEEA}.Debug|x86.ActiveCfg = Debug|Win32
		{0EC9D982-FA22-437A-A65D-ACE5CFA5DEEA}.Debug|x86.Build.0 = Debug|Win32
		{0EC9D982-FA22-437A-A65D-ACE5CFA5DEEA}.Release|x64.ActiveCfg = Release|x64
		{0EC9D982-FA22-437A-A65D-ACE5CFA5DEEA}.Release|x64.Build.0 = Release|x64
		{0EC9D982-FA22-437A-A65D-ACE5CFA5DEEA}.Release|x86.ActiveCfg = Release|Win32
		{0EC9D982-FA22-437A-A65D-ACE5CFA5DEEA}.Release|x86.Build.0 = Release|Win32
		{DF151588-4955-4F21-ABFD-EF75260F2B40}.Debug|x64.ActiveCfg = Debug|x64
		{DF151588-4955-4F21-ABFD-EF75260F2B40}.Debug|x64.Build.0 = Debug|x64
		{DF151588-4955-4F21-ABFD-EF75260F2B40}.Debug|x86.ActiveCfg = Debug|Win32
		{DF151588-4955-4F21-ABFD-EF75260F2B40}.Debug|x86.Build.0 = Debug|Win32
		{DF151588-4955-4F21-ABFD-EF75260F2B40}.Release|x64.ActiveCfg = Release|x64
		{DF151588-4955-4F21-ABFD-EF75260F2B40}.Release|x64.Build.0 = Release|x64
		{DF151588-4955-4F21-ABFD-EF75260F2B40}.Release|x86.ActiveCfg = Release|Win32
		{DF151588-4955-4F21-ABFD-EF75260F2B40}.Release|x86.Build.0 = Release|Win32
		{893FF872-003C-469C-91E3-29C5F64A0326}.Debug|x64.ActiveCfg = Debug|x64
		{893FF872-003C-469C-91E3-29C5F64A0326}.Debug|x64.Build.0 = Debug|x64
		{893FF872-003C-469C-91E3-29C5F64A0326}.Debug|x86.ActiveCfg = Debug|Win32
		{893FF872-003C-469C-91E3-29C5F64A0326}.Debug|x86.Build.0 = Debug|Win32
		{893FF872-003C-469C-91E3-29C5F64A0326}.Release|x64.ActiveCfg = Release|x64
		{893FF872-003C-469C-91E3-29C5F64A0326}.Release|x64.Build.0 = Release|x64
		{893FF872-003C-469C-91E3-29C5F64A0326}.Release|x86.ActiveCfg = Release|Win32
		{893FF872-003C-469C-91E3-29C5F64A0326}.Release|x86.Build.0 = Release|Win32
		{2D82DE21-9C51-427E-B650-AC0C6F5FDFEF}.Debug|x64.ActiveCfg = Debug|x64
		{2D82DE21-9C51-427E-B650-AC0C6F5FDFEF}.Debug|x64.Build.0 = Debug|x64
		{2D82DE21-9C51-427E-B650-AC0C6F5FDFEF}.Debug|x86.ActiveCfg = Debug|Win32
		{2D82DE21-9C51-427E-B650-AC0C6F5FDFEF}.Debug|x86.Build.0 = Debug|Win32
		{2D82DE21-9C51-427E-B650-AC0C6F5FDFEF}.Release|x64.ActiveCfg = Release|x64
		{2D82DE21-9C51-427E-B650-AC0C6F5FDFEF}.Release|x64.Build.0 = Release|x64
		{2D82DE21-9C51-427E-B650-AC0C6F5FDFEF}.Release|x86.ActiveCfg = Release|Win32
		{2D82DE21-9C51-427E-B650-AC0C6F5FDFEF}.Release|x86.Build.0 = Release|Win32
		{9F249743-C366-4E9D-9018-C3457C1ABB87}.Debug|x64.ActiveCfg = Debug|x64
		{9F249743-C366-4E9D-9018-C3457C1ABB87}.Debug|x64.Build.0 = Debug|x64
		{9F249743-C366-4E9D-9018-C3457C1ABB87}.Debug|x86.ActiveCfg = Debug|Win32
		{9F249743-C366-4E9D-9018-C3457C1ABB87}.Debug|x86.Build.0 = Debug|Win32
		{9F249743-C366-4E9D-9018-C3457C1ABB87}.Release|x64.ActiveCfg = Release|x64
		{9F249743-C366-4E9D-9018-C3457C1ABB87}.Release|x64.Build.0 = Release|x64
		{9F249743-C366-4E9D-9018-C3457C1ABB87}.Release|x86.ActiveCfg = Release|Win32
		{9F249743-C366-4E9D-9018-C3457C1ABB87}.Release|x86.Build.0 = Release|Win32
		{9F75580E-158B-405A-AC91-191B84984247}.Debug|x64.ActiveCfg = Debug|x64
		{9F75580E-158B-405A-AC91-191B84984247}.Debug|x64.Build.0 = Debug|x64
		{9F75580E-158B-405A-AC91-191B84984247}.Debug|x86.ActiveCfg = Debug|Win32
		{9F75580E-158B-405A-AC91-191B84984247}.Debug|x86.Build.0 = Debug|Win32
		{9F75580E-158B-405A-AC91-191B84984247}.Release|x64.ActiveCfg = Release|x64
		{9F75580E-158B-405A-AC91-191B84984247}.Release|x64.Build.0 = Release|x64
		{9F75580E-158B-405A-AC91-191B84984247}.Release|x86.ActiveCfg = Release|Win32
		{9F75580E-158B-405A-AC91-191B84984247}.Release|x86.Build.0 = Release|Win32
	EndGlobalSection
	GlobalSection(SolutionProperties) = preSolution
		HideSolutionNode = FALSE
	EndGlobalSection
	GlobalSection(NestedProjects) = preSolution
		{0EC9D982-FA22-437A-A65D-ACE5CFA5DEEA} = {8A564B80-9AFE-49BB-BF24-F345033538C1}
		{DF151588-4955-4F21-ABFD-EF75260F2B40} = {8A564B80-9AFE-49BB-BF24-F345033538C1}
		{8A564B80-9AFE-49BB-BF24-F345033538C1} = {5C119D0F-B5A1-4D2E-A765-A316B845400D}
		{5C9DC80D-50F7-4129-ABDE-84466467BEB7} = {5C119D0F-B5A1-4D2E-A765-A316B845400D}
		{893FF872-003C-469C-91E3-29C5F64A0326} = {5C9DC80D-50F7-4129-ABDE-84466467BEB7}
		{4C118438-80D8-4DFA-A6C6-3D3D218835B6} = {5C119D0F-B5A1-4D2E-A765-A316B845400D}
		{2D82DE21-9C51-427E-B650-AC0C6F5FDFEF} = {4C118438-80D8-4DFA-A6C6-3D3D218835B6}
		{9F249743-C366-4E9D-9018-C3457C1ABB87} = {C86F120F-751E-4B96-A6C9-D6B68D333E49}
		{9F75580E-158B-405A-AC91-191B84984247} = {C86F120F-751E-4B96-A6C9-D6B68D333E49}
	EndGlobalSection
	GlobalSection(ExtensibilityGlobals) = postSolution
		SolutionGuid = {DA1C6E51-4DB0-4B27-8B8A-FBDAEE0EAF65}
	EndGlobalSection
EndGlobal
